
Microsoft Visual Studio Solution File, Format Version 12.00
# Visual Studio 2013
VisualStudioVersion = 12.0.31101.0
MinimumVisualStudioVersion = 10.0.40219.1
Project("{2150E333-8FDC-42A3-9474-1A3956D46DE8}") = "Solution Items", "Solution Items", "{EB1DF796-879F-4D47-BE90-93F142EC2CE2}"
	ProjectSection(SolutionItems) = preProject
		doxygen.css = doxygen.css
		README.md = README.md
	EndProjectSection
EndProject
Project("{FAE04EC0-301F-11D3-BF4B-00C04F79EFBC}") = "pasti", "pasti\pasti.csproj", "{6C747094-3588-42A3-A868-341CC2148933}"
EndProject
Project("{FAE04EC0-301F-11D3-BF4B-00C04F79EFBC}") = "ipf", "ipf\ipf.csproj", "{AA467937-452A-4AE0-AD9D-674EEF0811EB}"
EndProject
Global
	GlobalSection(SolutionConfigurationPlatforms) = preSolution
		Debug|Any CPU = Debug|Any CPU
		Release|Any CPU = Release|Any CPU
	EndGlobalSection
	GlobalSection(ProjectConfigurationPlatforms) = postSolution
		{6C747094-3588-42A3-A868-341CC2148933}.Debug|Any CPU.ActiveCfg = Debug|Any CPU
		{6C747094-3588-42A3-A868-341CC2148933}.Debug|Any CPU.Build.0 = Debug|Any CPU
		{6C747094-3588-42A3-A868-341CC2148933}.Release|Any CPU.ActiveCfg = Release|Any CPU
		{6C747094-3588-42A3-A868-341CC2148933}.Release|Any CPU.Build.0 = Release|Any CPU
		{AA467937-452A-4AE0-AD9D-674EEF0811EB}.Debug|Any CPU.ActiveCfg = Debug|Any CPU
		{AA467937-452A-4AE0-AD9D-674EEF0811EB}.Debug|Any CPU.Build.0 = Debug|Any CPU
		{AA467937-452A-4AE0-AD9D-674EEF0811EB}.Release|Any CPU.ActiveCfg = Release|Any CPU
		{AA467937-452A-4AE0-AD9D-674EEF0811EB}.Release|Any CPU.Build.0 = Release|Any CPU
	EndGlobalSection
	GlobalSection(SolutionProperties) = preSolution
		HideSolutionNode = FALSE
	EndGlobalSection
	GlobalSection(NestedProjects) = preSolution
		{6C747094-3588-42A3-A868-341CC2148933} = {EB1DF796-879F-4D47-BE90-93F142EC2CE2}
		{AA467937-452A-4AE0-AD9D-674EEF0811EB} = {EB1DF796-879F-4D47-BE90-93F142EC2CE2}
	EndGlobalSection
EndGlobal
